lockfile_version: '1'
generated_at: '2026-05-28T11:12:29.601059+00:00'
apm_version: 0.15.0
dependencies:
- repo_url: _local/karpathy-principles
  package_type: marketplace_plugin
  deployed_files:
  - .agents/skills/karpathy-principles
  source: local
  local_path: ./plugins/karpathy-principles
- repo_url: github/awesome-copilot
  host: github.com
  resolved_commit: 53cf519185057f72780a1a5f6c8a26cc70cbb0be
  virtual_path: plugins/context-engineering
  is_virtual: true
  package_type: marketplace_plugin
  deployed_files:
  - .agents/skills/context-map
  - .agents/skills/refactor-plan
  - .agents/skills/what-context-needed
  content_hash: sha256:6d5ed9518d725ff8ff634939759a4b1069b1b89ef9a885bfedd6df569722d473
- repo_url: github/awesome-copilot
  host: github.com
  resolved_commit: 53cf519185057f72780a1a5f6c8a26cc70cbb0be
  virtual_path: plugins/doublecheck
  is_virtual: true
  package_type: marketplace_plugin
  deployed_files:
  - .agents/skills/doublecheck
  content_hash: sha256:52b00e9d311e02bc4b74bf87dfcdb521d278e83bd8e5b63800e300bdf1af2cec
- repo_url: github/awesome-copilot
  host: github.com
  resolved_commit: 53cf519185057f72780a1a5f6c8a26cc70cbb0be
  virtual_path: plugins/software-engineering-team
  is_virtual: true
  package_type: marketplace_plugin
  content_hash: sha256:c4023fff92e5ec5b6a18a9075d6e79459ebc1965678549ffd167248dece9fa65
- repo_url: johnpapa/ai-ready
  host: github.com
  resolved_commit: b993d6512c918d8a21a61b7931726f5980c3c920
  resolved_ref: b993d6512c918d8a21a61b7931726f5980c3c920
  virtual_path: .github/plugin
  is_virtual: true
  package_type: marketplace_plugin
  content_hash: sha256:5bce1874732b7b76c1becb877e57cb60e05458e1e193879ea51065aa2638f517
